
Microsoft Visual Studio Solution File, Format Version 12.00
# Visual Studio Version 17
VisualStudioVersion = 17.6.33815.320
MinimumVisualStudioVersion = 10.0.40219.1
Project("{FAE04EC0-301F-11D3-BF4B-00C04F79EFBC}") = "APICineflex", "APICineflex.csproj", "{C3D7B85A-9540-4E36-AE0B-E0A2988558ED}"
EndProject
Global
	GlobalSection(SolutionConfigurationPlatforms) = preSolution
		Debug|Any CPU = Debug|Any CPU
		Release|Any CPU = Release|Any CPU
	EndGlobalSection
	GlobalSection(ProjectConfigurationPlatforms) = postSolution
		{C3D7B85A-9540-4E36-AE0B-E0A2988558ED}.Debug|Any CPU.ActiveCfg = Debug|Any CPU
		{C3D7B85A-9540-4E36-AE0B-E0A2988558ED}.Debug|Any CPU.Build.0 = Debug|Any CPU
		{C3D7B85A-9540-4E36-AE0B-E0A2988558ED}.Release|Any CPU.ActiveCfg = Release|Any CPU
		{C3D7B85A-9540-4E36-AE0B-E0A2988558ED}.Release|Any CPU.Build.0 = Release|Any CPU
	EndGlobalSection
	GlobalSection(SolutionProperties) = preSolution
		HideSolutionNode = FALSE
	EndGlobalSection
	GlobalSection(ExtensibilityGlobals) = postSolution
		SolutionGuid = {DF742F68-A4C9-46AB-8082-37466F8A5725}
	EndGlobalSection
EndGlobal
